{
    "_meta": {
        "hash": {
            "sha256": "2b619b6aa479fda24d35af95ab984c88d7ee90f10dcf4c97f43d3b332e365928"
        },
        "pipfile-spec": 6,
        "requires": {
            "python_version": "3.8"
        },
        "sources": [
            {
                "name": "pypi",
                "url": "https://pypi.org/simple",
                "verify_ssl": true
            }
        ]
    },
    "default": {
        "docx2txt": {
            "hashes": [
                "sha256:2c06d98d7cfe2d3947e5760a57d924e3ff07745b379c8737723922e7009236e5"
            ],
            "index": "pypi",
            "version": "==0.8"
        }
    },
    "develop": {}
}
